
Microsoft Visual Studio Solution File, Format Version 12.00
# Visual Studio Version 17
VisualStudioVersion = 17.4.33213.308
MinimumVisualStudioVersion = 10.0.40219.1
Project("{FAE04EC0-301F-11D3-BF4B-00C04F79EFBC}") = "MDK5", "MDK5\MDK5.csproj", "{48D70828-3BFE-4316-8A65-C4A0626A2B30}"
EndProject
Global
	GlobalSection(SolutionConfigurationPlatforms) = preSolution
		Debug|Any CPU = Debug|Any CPU
		Release|Any CPU = Release|Any CPU
	EndGlobalSection
	GlobalSection(ProjectConfigurationPlatforms) = postSolution
		{48D70828-3BFE-4316-8A65-C4A0626A2B30}.Debug|Any CPU.ActiveCfg = Debug|Any CPU
		{48D70828-3BFE-4316-8A65-C4A0626A2B30}.Debug|Any CPU.Build.0 = Debug|Any CPU
		{48D70828-3BFE-4316-8A65-C4A0626A2B30}.Release|Any CPU.ActiveCfg = Release|Any CPU
		{48D70828-3BFE-4316-8A65-C4A0626A2B30}.Release|Any CPU.Build.0 = Release|Any CPU
	EndGlobalSection
	GlobalSection(SolutionProperties) = preSolution
		HideSolutionNode = FALSE
	EndGlobalSection
	GlobalSection(ExtensibilityGlobals) = postSolution
		SolutionGuid = {4616C9D0-B720-47E1-BD51-EE863736B328}
	EndGlobalSection
EndGlobal
